
Microsoft Visual Studio Solution File, Format Version 12.00
# Visual Studio Version 16
VisualStudioVersion = 16.0.31410.357
MinimumVisualStudioVersion = 10.0.40219.1
Project("{FAE04EC0-301F-11D3-BF4B-00C04F79EFBC}") = "DP-NFS", "DP-NFS\DP-NFS.csproj", "{6F49D138-0ED9-47F7-8D14-DF6452375182}"
EndProject
Global
	GlobalSection(SolutionConfigurationPlatforms) = preSolution
		Debug|Any CPU = Debug|Any CPU
		Release|Any CPU = Release|Any CPU
	EndGlobalSection
	GlobalSection(ProjectConfigurationPlatforms) = postSolution
		{6F49D138-0ED9-47F7-8D14-DF6452375182}.Debug|Any CPU.ActiveCfg = Debug|Any CPU
		{6F49D138-0ED9-47F7-8D14-DF6452375182}.Debug|Any CPU.Build.0 = Debug|Any CPU
		{6F49D138-0ED9-47F7-8D14-DF6452375182}.Release|Any CPU.ActiveCfg = Release|Any CPU
		{6F49D138-0ED9-47F7-8D14-DF6452375182}.Release|Any CPU.Build.0 = Release|Any CPU
	EndGlobalSection
	GlobalSection(SolutionProperties) = preSolution
		HideSolutionNode = FALSE
	EndGlobalSection
	GlobalSection(ExtensibilityGlobals) = postSolution
		SolutionGuid = {C8A48C79-E38F-4514-9046-8AE0DEE39610}
	EndGlobalSection
EndGlobal
